
Microsoft Visual Studio Solution File, Format Version 12.00
# Visual Studio 15
VisualStudioVersion = 15.0.28307.421
MinimumVisualStudioVersion = 10.0.40219.1
Project("{FAE04EC0-301F-11D3-BF4B-00C04F79EFBC}") = "CollectionViewsXF.Android", "CollectionViewsXF\CollectionViewsXF.Android\CollectionViewsXF.Android.csproj", "{233BB0AE-F631-4FF5-BDAE-99DF0E0DCB08}"
EndProject
Project("{FAE04EC0-301F-11D3-BF4B-00C04F79EFBC}") = "CollectionViewsXF.iOS", "CollectionViewsXF\CollectionViewsXF.iOS\CollectionViewsXF.iOS.csproj", "{4E2D14B1-7742-4236-B317-0D0E2395D452}"
EndProject
Project("{FAE04EC0-301F-11D3-BF4B-00C04F79EFBC}") = "CollectionViewsXF", "CollectionViewsXF\CollectionViewsXF\CollectionViewsXF.csproj", "{6C823B14-CBA9-41A9-A3A4-55937F001581}"
EndProject
Global
	GlobalSection(SolutionConfigurationPlatforms) = preSolution
		Ad-Hoc|Any CPU = Ad-Hoc|Any CPU
		Ad-Hoc|iPhone = Ad-Hoc|iPhone
		Ad-Hoc|iPhoneSimulator = Ad-Hoc|iPhoneSimulator
		AppStore|Any CPU = AppStore|Any CPU
		AppStore|iPhone = AppStore|iPhone
		AppStore|iPhoneSimulator = AppStore|iPhoneSimulator
		Debug|Any CPU = Debug|Any CPU
		Debug|iPhone = Debug|iPhone
		Debug|iPhoneSimulator = Debug|iPhoneSimulator
		Release|Any CPU = Release|Any CPU
		Release|iPhone = Release|iPhone
		Release|iPhoneSimulator = Release|iPhoneSimulator
	EndGlobalSection
	GlobalSection(ProjectConfigurationPlatforms) = postSolution
		{233BB0AE-F631-4FF5-BDAE-99DF0E0DCB08}.Ad-Hoc|Any CPU.ActiveCfg = Release|Any CPU
		{233BB0AE-F631-4FF5-BDAE-99DF0E0DCB08}.Ad-Hoc|Any CPU.Build.0 = Release|Any CPU
		{233BB0AE-F631-4FF5-BDAE-99DF0E0DCB08}.Ad-Hoc|Any CPU.Deploy.0 = Release|Any CPU
		{233BB0AE-F631-4FF5-BDAE-99DF0E0DCB08}.Ad-Hoc|iPhone.ActiveCfg = Release|Any CPU
		{233BB0AE-F631-4FF5-BDAE-99DF0E0DCB08}.Ad-Hoc|iPhone.Build.0 = Release|Any CPU
		{233BB0AE-F631-4FF5-BDAE-99DF0E0DCB08}.Ad-Hoc|iPhone.Deploy.0 = Release|Any CPU
		{233BB0AE-F631-4FF5-BDAE-99DF0E0DCB08}.Ad-Hoc|iPhoneSimulator.ActiveCfg = Release|Any CPU
		{233BB0AE-F631-4FF5-BDAE-99DF0E0DCB08}.Ad-Hoc|iPhoneSimulator.Build.0 = Release|Any CPU
		{233BB0AE-F631-4FF5-BDAE-99DF0E0DCB08}.Ad-Hoc|iPhoneSimulator.Deploy.0 = Release|Any CPU
		{233BB0AE-F631-4FF5-BDAE-99DF0E0DCB08}.AppStore|Any CPU.ActiveCfg = Release|Any CPU
		{233BB0AE-F631-4FF5-BDAE-99DF0E0DCB08}.AppStore|Any CPU.Build.0 = Release|Any CPU
		{233BB0AE-F631-4FF5-BDAE-99DF0E0DCB08}.AppStore|Any CPU.Deploy.0 = Release|Any CPU
		{233BB0AE-F631-4FF5-BDAE-99DF0E0DCB08}.AppStore|iPhone.ActiveCfg = Release|Any CPU
		{233BB0AE-F631-4FF5-BDAE-99DF0E0DCB08}.AppStore|iPhone.Build.0 = Release|Any CPU
		{233BB0AE-F631-4FF5-BDAE-99DF0E0DCB08}.AppStore|iPhone.Deploy.0 = Release|Any CPU
		{233BB0AE-F631-4FF5-BDAE-99DF0E0DCB08}.AppStore|iPhoneSimulator.ActiveCfg = Release|Any CPU
		{233BB0AE-F631-4FF5-BDAE-99DF0E0DCB08}.AppStore|iPhoneSimulator.Build.0 = Release|Any CPU
		{233BB0AE-F631-4FF5-BDAE-99DF0E0DCB08}.AppStore|iPhoneSimulator.Deploy.0 = Release|Any CPU
		{233BB0AE-F631-4FF5-BDAE-99DF0E0DCB08}.Debug|Any CPU.ActiveCfg = Debug|Any CPU
		{233BB0AE-F631-4FF5-BDAE-99DF0E0DCB08}.Debug|Any CPU.Build.0 = Debug|Any CPU
		{233BB0AE-F631-4FF5-BDAE-99DF0E0DCB08}.Debug|Any CPU.Deploy.0 = Debug|Any CPU
		{233BB0AE-F631-4FF5-BDAE-99DF0E0DCB08}.Debug|iPhone.ActiveCfg = Debug|Any CPU
		{233BB0AE-F631-4FF5-BDAE-99DF0E0DCB08}.Debug|iPhone.Build.0 = Debug|Any CPU
		{233BB0AE-F631-4FF5-BDAE-99DF0E0DCB08}.Debug|iPhone.Deploy.0 = Debug|Any CPU
		{233BB0AE-F631-4FF5-BDAE-99DF0E0DCB08}.Debug|iPhoneSimulator.ActiveCfg = Debug|Any CPU
		{233BB0AE-F631-4FF5-BDAE-99DF0E0DCB08}.Debug|iPhoneSimulator.Build.0 = Debug|Any CPU
		{233BB0AE-F631-4FF5-BDAE-99DF0E0DCB08}.Debug|iPhoneSimulator.Deploy.0 = Debug|Any CPU
		{233BB0AE-F631-4FF5-BDAE-99DF0E0DCB08}.Release|Any CPU.ActiveCfg = Release|Any CPU
		{233BB0AE-F631-4FF5-BDAE-99DF0E0DCB08}.Release|Any CPU.Build.0 = Release|Any CPU
		{233BB0AE-F631-4FF5-BDAE-99DF0E0DCB08}.Release|Any CPU.Deploy.0 = Release|Any CPU
		{233BB0AE-F631-4FF5-BDAE-99DF0E0DCB08}.Release|iPhone.ActiveCfg = Release|Any CPU
		{233BB0AE-F631-4FF5-BDAE-99DF0E0DCB08}.Release|iPhone.Build.0 = Release|Any CPU
		{233BB0AE-F631-4FF5-BDAE-99DF0E0DCB08}.Release|iPhone.Deploy.0 = Release|Any CPU
		{233BB0AE-F631-4FF5-BDAE-99DF0E0DCB08}.Release|iPhoneSimulator.ActiveCfg = Release|Any CPU
		{233BB0AE-F631-4FF5-BDAE-99DF0E0DCB08}.Release|iPhoneSimulator.Build.0 = Release|Any CPU
		{233BB0AE-F631-4FF5-BDAE-99DF0E0DCB08}.Release|iPhoneSimulator.Deploy.0 = Release|Any CPU
		{4E2D14B1-7742-4236-B317-0D0E2395D452}.Ad-Hoc|Any CPU.ActiveCfg = Ad-Hoc|iPhone
		{4E2D14B1-7742-4236-B317-0D0E2395D452}.Ad-Hoc|Any CPU.Build.0 = Ad-Hoc|iPhone
		{4E2D14B1-7742-4236-B317-0D0E2395D452}.Ad-Hoc|Any CPU.Deploy.0 = Ad-Hoc|iPhone
		{4E2D14B1-7742-4236-B317-0D0E2395D452}.Ad-Hoc|iPhone.ActiveCfg = Ad-Hoc|iPhone
		{4E2D14B1-7742-4236-B317-0D0E2395D452}.Ad-Hoc|iPhone.Build.0 = Ad-Hoc|iPhone
		{4E2D14B1-7742-4236-B317-0D0E2395D452}.Ad-Hoc|iPhone.Deploy.0 = Ad-Hoc|iPhone
		{4E2D14B1-7742-4236-B317-0D0E2395D452}.Ad-Hoc|iPhoneSimulator.ActiveCfg = Ad-Hoc|iPhoneSimulator
		{4E2D14B1-7742-4236-B317-0D0E2395D452}.Ad-Hoc|iPhoneSimulator.Build.0 = Ad-Hoc|iPhoneSimulator
		{4E2D14B1-7742-4236-B317-0D0E2395D452}.Ad-Hoc|iPhoneSimulator.Deploy.0 = Ad-Hoc|iPhoneSimulator
		{4E2D14B1-7742-4236-B317-0D0E2395D452}.AppStore|Any CPU.ActiveCfg = AppStore|iPhone
		{4E2D14B1-7742-4236-B317-0D0E2395D452}.AppStore|Any CPU.Build.0 = AppStore|iPhone
		{4E2D14B1-7742-4236-B317-0D0E2395D452}.AppStore|Any CPU.Deploy.0 = AppStore|iPhone
		{4E2D14B1-7742-4236-B317-0D0E2395D452}.AppStore|iPhone.ActiveCfg = AppStore|iPhone
		{4E2D14B1-7742-4236-B317-0D0E2395D452}.AppStore|iPhone.Build.0 = AppStore|iPhone
		{4E2D14B1-7742-4236-B317-0D0E2395D452}.AppStore|iPhone.Deploy.0 = AppStore|iPhone
		{4E2D14B1-7742-4236-B317-0D0E2395D452}.AppStore|iPhoneSimulator.ActiveCfg = AppStore|iPhoneSimulator
		{4E2D14B1-7742-4236-B317-0D0E2395D452}.AppStore|iPhoneSimulator.Build.0 = AppStore|iPhoneSimulator
		{4E2D14B1-7742-4236-B317-0D0E2395D452}.AppStore|iPhoneSimulator.Deploy.0 = AppStore|iPhoneSimulator
		{4E2D14B1-7742-4236-B317-0D0E2395D452}.Debug|Any CPU.ActiveCfg = Debug|iPhoneSimulator
		{4E2D14B1-7742-4236-B317-0D0E2395D452}.Debug|Any CPU.Build.0 = Debug|iPhoneSimulator
		{4E2D14B1-7742-4236-B317-0D0E2395D452}.Debug|Any CPU.Deploy.0 = Debug|iPhoneSimulator
		{4E2D14B1-7742-4236-B317-0D0E2395D452}.Debug|iPhone.ActiveCfg = Debug|iPhone
		{4E2D14B1-7742-4236-B317-0D0E2395D452}.Debug|iPhone.Build.0 = Debug|iPhone
		{4E2D14B1-7742-4236-B317-0D0E2395D452}.Debug|iPhone.Deploy.0 = Debug|iPhone
		{4E2D14B1-7742-4236-B317-0D0E2395D452}.Debug|iPhoneSimulator.ActiveCfg = Debug|iPhoneSimulator
		{4E2D14B1-7742-4236-B317-0D0E2395D452}.Debug|iPhoneSimulator.Build.0 = Debug|iPhoneSimulator
		{4E2D14B1-7742-4236-B317-0D0E2395D452}.Debug|iPhoneSimulator.Deploy.0 = Debug|iPhoneSimulator
		{4E2D14B1-7742-4236-B317-0D0E2395D452}.Release|Any CPU.ActiveCfg = Release|iPhone
		{4E2D14B1-7742-4236-B317-0D0E2395D452}.Release|Any CPU.Build.0 = Release|iPhone
		{4E2D14B1-7742-4236-B317-0D0E2395D452}.Release|Any CPU.Deploy.0 = Release|iPhone
		{4E2D14B1-7742-4236-B317-0D0E2395D452}.Release|iPhone.ActiveCfg = Release|iPhone
		{4E2D14B1-7742-4236-B317-0D0E2395D452}.Release|iPhone.Build.0 = Release|iPhone
		{4E2D14B1-7742-4236-B317-0D0E2395D452}.Release|iPhone.Deploy.0 = Release|iPhone
		{4E2D14B1-7742-4236-B317-0D0E2395D452}.Release|iPhoneSimulator.ActiveCfg = Release|iPhoneSimulator
		{4E2D14B1-7742-4236-B317-0D0E2395D452}.Release|iPhoneSimulator.Build.0 = Release|iPhoneSimulator
		{4E2D14B1-7742-4236-B317-0D0E2395D452}.Release|iPhoneSimulator.Deploy.0 = Release|iPhoneSimulator
		{6C823B14-CBA9-41A9-A3A4-55937F001581}.Ad-Hoc|Any CPU.ActiveCfg = Debug|Any CPU
		{6C823B14-CBA9-41A9-A3A4-55937F001581}.Ad-Hoc|Any CPU.Build.0 = Debug|Any CPU
		{6C823B14-CBA9-41A9-A3A4-55937F001581}.Ad-Hoc|Any CPU.Deploy.0 = Debug|Any CPU
		{6C823B14-CBA9-41A9-A3A4-55937F001581}.Ad-Hoc|iPhone.ActiveCfg = Debug|Any CPU
		{6C823B14-CBA9-41A9-A3A4-55937F001581}.Ad-Hoc|iPhone.Build.0 = Debug|Any CPU
		{6C823B14-CBA9-41A9-A3A4-55937F001581}.Ad-Hoc|iPhone.Deploy.0 = Debug|Any CPU
		{6C823B14-CBA9-41A9-A3A4-55937F001581}.Ad-Hoc|iPhoneSimulator.ActiveCfg = Debug|Any CPU
		{6C823B14-CBA9-41A9-A3A4-55937F001581}.Ad-Hoc|iPhoneSimulator.Build.0 = Debug|Any CPU
		{6C823B14-CBA9-41A9-A3A4-55937F001581}.Ad-Hoc|iPhoneSimulator.Deploy.0 = Debug|Any CPU
		{6C823B14-CBA9-41A9-A3A4-55937F001581}.AppStore|Any CPU.ActiveCfg = Debug|Any CPU
		{6C823B14-CBA9-41A9-A3A4-55937F001581}.AppStore|Any CPU.Build.0 = Debug|Any CPU
		{6C823B14-CBA9-41A9-A3A4-55937F001581}.AppStore|Any CPU.Deploy.0 = Debug|Any CPU
		{6C823B14-CBA9-41A9-A3A4-55937F001581}.AppStore|iPhone.ActiveCfg = Debug|Any CPU
		{6C823B14-CBA9-41A9-A3A4-55937F001581}.AppStore|iPhone.Build.0 = Debug|Any CPU
		{6C823B14-CBA9-41A9-A3A4-55937F001581}.AppStore|iPhone.Deploy.0 = Debug|Any CPU
		{6C823B14-CBA9-41A9-A3A4-55937F001581}.AppStore|iPhoneSimulator.ActiveCfg = Debug|Any CPU
		{6C823B14-CBA9-41A9-A3A4-55937F001581}.AppStore|iPhoneSimulator.Build.0 = Debug|Any CPU
		{6C823B14-CBA9-41A9-A3A4-55937F001581}.AppStore|iPhoneSimulator.Deploy.0 = Debug|Any CPU
		{6C823B14-CBA9-41A9-A3A4-55937F001581}.Debug|Any CPU.ActiveCfg = Debug|Any CPU
		{6C823B14-CBA9-41A9-A3A4-55937F001581}.Debug|Any CPU.Build.0 = Debug|Any CPU
		{6C823B14-CBA9-41A9-A3A4-55937F001581}.Debug|Any CPU.Deploy.0 = Debug|Any CPU
		{6C823B14-CBA9-41A9-A3A4-55937F001581}.Debug|iPhone.ActiveCfg = Debug|Any CPU
		{6C823B14-CBA9-41A9-A3A4-55937F001581}.Debug|iPhone.Build.0 = Debug|Any CPU
		{6C823B14-CBA9-41A9-A3A4-55937F001581}.Debug|iPhone.Deploy.0 = Debug|Any CPU
		{6C823B14-CBA9-41A9-A3A4-55937F001581}.Debug|iPhoneSimulator.ActiveCfg = Debug|Any CPU
		{6C823B14-CBA9-41A9-A3A4-55937F001581}.Debug|iPhoneSimulator.Build.0 = Debug|Any CPU
		{6C823B14-CBA9-41A9-A3A4-55937F001581}.Debug|iPhoneSimulator.Deploy.0 = Debug|Any CPU
		{6C823B14-CBA9-41A9-A3A4-55937F001581}.Release|Any CPU.ActiveCfg = Release|Any CPU
		{6C823B14-CBA9-41A9-A3A4-55937F001581}.Release|Any CPU.Build.0 = Release|Any CPU
		{6C823B14-CBA9-41A9-A3A4-55937F001581}.Release|Any CPU.Deploy.0 = Release|Any CPU
		{6C823B14-CBA9-41A9-A3A4-55937F001581}.Release|iPhone.ActiveCfg = Release|Any CPU
		{6C823B14-CBA9-41A9-A3A4-55937F001581}.Release|iPhone.Build.0 = Release|Any CPU
		{6C823B14-CBA9-41A9-A3A4-55937F001581}.Release|iPhone.Deploy.0 = Release|Any CPU
		{6C823B14-CBA9-41A9-A3A4-55937F001581}.Release|iPhoneSimulator.ActiveCfg = Release|Any CPU
		{6C823B14-CBA9-41A9-A3A4-55937F001581}.Release|iPhoneSimulator.Build.0 = Release|Any CPU
		{6C823B14-CBA9-41A9-A3A4-55937F001581}.Release|iPhoneSimulator.Deploy.0 = Release|Any CPU
	EndGlobalSection
	GlobalSection(SolutionProperties) = preSolution
		HideSolutionNode = FALSE
	EndGlobalSection
	GlobalSection(ExtensibilityGlobals) = postSolution
		SolutionGuid = {E41CDFBE-D307-4CC6-9FA4-FBA90E5CB029}
	EndGlobalSection
EndGlobal
